// !$*UTF8*$!
{
	archiveVersion = 1;
	classes = {
	};
	objectVersion = 46;
	objects = {

/* Begin PBXBuildFile section */
		11B6EC9015A800EB00A988C6 /* Foundation.framework in Frameworks */ = {isa = PBXBuildFile; fileRef = 11B6EC8F15A800EB00A988C6 /* Foundation.framework */; };
		11B6EC9315A800EB00A988C6 /* main.m in Sources */ = {isa = PBXBuildFile; fileRef = 11B6EC9215A800EB00A988C6 /* main.m */; };
		11B6EC9715A800EB00A988C6 /* alfred_reflecticle_extension.1 in CopyFiles */ = {isa = PBXBuildFile; fileRef = 11B6EC9615A800EB00A988C6 /* alfred_reflecticle_extension.1 */; };
		CE9F3EC115B7524C00C8DA22 /* CoreLocation.framework in Frameworks */ = {isa = PBXBuildFile; fileRef = CE9F3EC015B7524C00C8DA22 /* CoreLocation.framework */; };
		CE9F3EC315B75A6600C8DA22 /* Cocoa.framework in Frameworks */ = {isa = PBXBuildFile; fileRef = CE9F3EC215B75A6600C8DA22 /* Cocoa.framework */; };
		F1C059E31614BDDD003450BD /* ReflecticleClient.m in Sources */ = {isa = PBXBuildFile; fileRef = F1C059E21614BDDD003450BD /* ReflecticleClient.m */; };
		F1C059E71614BE6F003450BD /* ReflecticleProject.m in Sources */ = {isa = PBXBuildFile; fileRef = F1C059E61614BE6F003450BD /* ReflecticleProject.m */; };
		F1C059EA1614C116003450BD /* NSDictionary+QueryString.m in Sources */ = {isa = PBXBuildFile; fileRef = F1C059E91614C116003450BD /* NSDictionary+QueryString.m */; };
		F1C059ED1614C4A3003450BD /* ReflecticleActivity.m in Sources */ = {isa = PBXBuildFile; fileRef = F1C059EC1614C4A3003450BD /* ReflecticleActivity.m */; };
		F1C059F01614C77F003450BD /* AlfredReflecticleExtension.m in Sources */ = {isa = PBXBuildFile; fileRef = F1C059EF1614C77F003450BD /* AlfredReflecticleExtension.m */; };
/* End PBXBuildFile section */

/* Begin PBXCopyFilesBuildPhase section */
		11B6EC8915A800EB00A988C6 /* CopyFiles */ = {
			isa = PBXCopyFilesBuildPhase;
			buildActionMask = 2147483647;
			dstPath = /usr/share/man/man1/;
			dstSubfolderSpec = 0;
			files = (
				11B6EC9715A800EB00A988C6 /* alfred_reflecticle_extension.1 in CopyFiles */,
			);
			runOnlyForDeploymentPostprocessing = 1;
		};
/* End PBXCopyFilesBuildPhase section */

/* Begin PBXFileReference section */
		11B6EC8B15A800EB00A988C6 /* alfred_reflecticle_extension */ = {isa = PBXFileReference; explicitFileType = "compiled.mach-o.executable"; includeInIndex = 0; path = alfred_reflecticle_extension; sourceTree = BUILT_PRODUCTS_DIR; };
		11B6EC8F15A800EB00A988C6 /* Foundation.framework */ = {isa = PBXFileReference; lastKnownFileType = wrapper.framework; name = Foundation.framework; path = System/Library/Frameworks/Foundation.framework; sourceTree = SDKROOT; };
		11B6EC9215A800EB00A988C6 /* main.m */ = {isa = PBXFileReference; lastKnownFileType = sourcecode.c.objc; path = main.m; sourceTree = "<group>"; };
		11B6EC9515A800EB00A988C6 /* alfred_reflecticle_extension-Prefix.pch */ = {isa = PBXFileReference; lastKnownFileType = sourcecode.c.h; path = "alfred_reflecticle_extension-Prefix.pch"; sourceTree = "<group>"; };
		11B6EC9615A800EB00A988C6 /* alfred_reflecticle_extension.1 */ = {isa = PBXFileReference; lastKnownFileType = text.man; path = alfred_reflecticle_extension.1; sourceTree = "<group>"; };
		CE9F3EC015B7524C00C8DA22 /* CoreLocation.framework */ = {isa = PBXFileReference; lastKnownFileType = wrapper.framework; name = CoreLocation.framework; path = ../../../../System/Library/Frameworks/CoreLocation.framework; sourceTree = "<group>"; };
		CE9F3EC215B75A6600C8DA22 /* Cocoa.framework */ = {isa = PBXFileReference; lastKnownFileType = wrapper.framework; name = Cocoa.framework; path = ../../../../System/Library/Frameworks/Cocoa.framework; sourceTree = "<group>"; };
		F1C059E11614BDDD003450BD /* ReflecticleClient.h */ = {isa = PBXFileReference; fileEncoding = 4; lastKnownFileType = sourcecode.c.h; path = ReflecticleClient.h; sourceTree = "<group>"; };
		F1C059E21614BDDD003450BD /* ReflecticleClient.m */ = {isa = PBXFileReference; fileEncoding = 4; lastKnownFileType = sourcecode.c.objc; path = ReflecticleClient.m; sourceTree = "<group>"; };
		F1C059E51614BE6F003450BD /* ReflecticleProject.h */ = {isa = PBXFileReference; fileEncoding = 4; lastKnownFileType = sourcecode.c.h; path = ReflecticleProject.h; sourceTree = "<group>"; };
		F1C059E61614BE6F003450BD /* ReflecticleProject.m */ = {isa = PBXFileReference; fileEncoding = 4; lastKnownFileType = sourcecode.c.objc; path = ReflecticleProject.m; sourceTree = "<group>"; };
		F1C059E81614C116003450BD /* NSDictionary+QueryString.h */ = {isa = PBXFileReference; fileEncoding = 4; lastKnownFileType = sourcecode.c.h; path = "NSDictionary+QueryString.h"; sourceTree = "<group>"; };
		F1C059E91614C116003450BD /* NSDictionary+QueryString.m */ = {isa = PBXFileReference; fileEncoding = 4; lastKnownFileType = sourcecode.c.objc; path = "NSDictionary+QueryString.m"; sourceTree = "<group>"; };
		F1C059EB1614C4A3003450BD /* ReflecticleActivity.h */ = {isa = PBXFileReference; fileEncoding = 4; lastKnownFileType = sourcecode.c.h; path = ReflecticleActivity.h; sourceTree = "<group>"; };
		F1C059EC1614C4A3003450BD /* ReflecticleActivity.m */ = {isa = PBXFileReference; fileEncoding = 4; lastKnownFileType = sourcecode.c.objc; path = ReflecticleActivity.m; sourceTree = "<group>"; };
		F1C059EE1614C77F003450BD /* AlfredReflecticleExtension.h */ = {isa = PBXFileReference; fileEncoding = 4; lastKnownFileType = sourcecode.c.h; path = AlfredReflecticleExtension.h; sourceTree = "<group>"; };
		F1C059EF1614C77F003450BD /* AlfredReflecticleExtension.m */ = {isa = PBXFileReference; fileEncoding = 4; lastKnownFileType = sourcecode.c.objc; path = AlfredReflecticleExtension.m; sourceTree = "<group>"; };
/* End PBXFileReference section */

/* Begin PBXFrameworksBuildPhase section */
		11B6EC8815A800EB00A988C6 /* Frameworks */ = {
			isa = PBXFrameworksBuildPhase;
			buildActionMask = 2147483647;
			files = (
				11B6EC9015A800EB00A988C6 /* Foundation.framework in Frameworks */,
				CE9F3EC115B7524C00C8DA22 /* CoreLocation.framework in Frameworks */,
				CE9F3EC315B75A6600C8DA22 /* Cocoa.framework in Frameworks */,
			);
			runOnlyForDeploymentPostprocessing = 0;
		};
/* End PBXFrameworksBuildPhase section */

/* Begin PBXGroup section */
		11B6EC8015A800EB00A988C6 = {
			isa = PBXGroup;
			children = (
				11B6EC9115A800EB00A988C6 /* alfred_reflecticle_extension */,
				11B6EC8E15A800EB00A988C6 /* Frameworks */,
				11B6EC8C15A800EB00A988C6 /* Products */,
			);
			sourceTree = "<group>";
		};
		11B6EC8C15A800EB00A988C6 /* Products */ = {
			isa = PBXGroup;
			children = (
				11B6EC8B15A800EB00A988C6 /* alfred_reflecticle_extension */,
			);
			name = Products;
			sourceTree = "<group>";
		};
		11B6EC8E15A800EB00A988C6 /* Frameworks */ = {
			isa = PBXGroup;
			children = (
				CE9F3EC215B75A6600C8DA22 /* Cocoa.framework */,
				CE9F3EC015B7524C00C8DA22 /* CoreLocation.framework */,
				11B6EC8F15A800EB00A988C6 /* Foundation.framework */,
			);
			name = Frameworks;
			sourceTree = "<group>";
		};
		11B6EC9115A800EB00A988C6 /* alfred_reflecticle_extension */ = {
			isa = PBXGroup;
			children = (
				F1C059E81614C116003450BD /* NSDictionary+QueryString.h */,
				F1C059E91614C116003450BD /* NSDictionary+QueryString.m */,
				F1C059EE1614C77F003450BD /* AlfredReflecticleExtension.h */,
				F1C059EF1614C77F003450BD /* AlfredReflecticleExtension.m */,
				F1C059E11614BDDD003450BD /* ReflecticleClient.h */,
				F1C059E21614BDDD003450BD /* ReflecticleClient.m */,
				F1C059E51614BE6F003450BD /* ReflecticleProject.h */,
				F1C059E61614BE6F003450BD /* ReflecticleProject.m */,
				F1C059EB1614C4A3003450BD /* ReflecticleActivity.h */,
				F1C059EC1614C4A3003450BD /* ReflecticleActivity.m */,
				11B6EC9215A800EB00A988C6 /* main.m */,
				11B6EC9615A800EB00A988C6 /* alfred_reflecticle_extension.1 */,
				11B6EC9415A800EB00A988C6 /* Supporting Files */,
			);
			path = alfred_reflecticle_extension;
			sourceTree = "<group>";
		};
		11B6EC9415A800EB00A988C6 /* Supporting Files */ = {
			isa = PBXGroup;
			children = (
				11B6EC9515A800EB00A988C6 /* alfred_reflecticle_extension-Prefix.pch */,
			);
			name = "Supporting Files";
			sourceTree = "<group>";
		};
/* End PBXGroup section */

/* Begin PBXNativeTarget section */
		11B6EC8A15A800EB00A988C6 /* alfred_reflecticle_extension */ = {
			isa = PBXNativeTarget;
			buildConfigurationList = 11B6EC9A15A800EB00A988C6 /* Build configuration list for PBXNativeTarget "alfred_reflecticle_extension" */;
			buildPhases = (
				11B6EC8715A800EB00A988C6 /* Sources */,
				11B6EC8815A800EB00A988C6 /* Frameworks */,
				11B6EC8915A800EB00A988C6 /* CopyFiles */,
			);
			buildRules = (
			);
			dependencies = (
			);
			name = alfred_reflecticle_extension;
			productName = alfred_reflecticle_extension;
			productReference = 11B6EC8B15A800EB00A988C6 /* alfred_reflecticle_extension */;
			productType = "com.apple.product-type.tool";
		};
/* End PBXNativeTarget section */

/* Begin PBXProject section */
		11B6EC8215A800EB00A988C6 /* Project object */ = {
			isa = PBXProject;
			attributes = {
				LastUpgradeCheck = 0430;
				ORGANIZATIONNAME = "MH Solutions LLC";
			};
			buildConfigurationList = 11B6EC8515A800EB00A988C6 /* Build configuration list for PBXProject "alfred_reflecticle_extension" */;
			compatibilityVersion = "Xcode 3.2";
			developmentRegion = English;
			hasScannedForEncodings = 0;
			knownRegions = (
				en,
			);
			mainGroup = 11B6EC8015A800EB00A988C6;
			productRefGroup = 11B6EC8C15A800EB00A988C6 /* Products */;
			projectDirPath = "";
			projectRoot = "";
			targets = (
				11B6EC8A15A800EB00A988C6 /* alfred_reflecticle_extension */,
			);
		};
/* End PBXProject section */

/* Begin PBXSourcesBuildPhase section */
		11B6EC8715A800EB00A988C6 /* Sources */ = {
			isa = PBXSourcesBuildPhase;
			buildActionMask = 2147483647;
			files = (
				11B6EC9315A800EB00A988C6 /* main.m in Sources */,
				F1C059E31614BDDD003450BD /* ReflecticleClient.m in Sources */,
				F1C059E71614BE6F003450BD /* ReflecticleProject.m in Sources */,
				F1C059EA1614C116003450BD /* NSDictionary+QueryString.m in Sources */,
				F1C059ED1614C4A3003450BD /* ReflecticleActivity.m in Sources */,
				F1C059F01614C77F003450BD /* AlfredReflecticleExtension.m in Sources */,
			);
			runOnlyForDeploymentPostprocessing = 0;
		};
/* End PBXSourcesBuildPhase section */

/* Begin XCBuildConfiguration section */
		11B6EC9815A800EB00A988C6 /* Debug */ = {
			isa = XCBuildConfiguration;
			buildSettings = {
				ALWAYS_SEARCH_USER_PATHS = NO;
				ARCHS = "$(ARCHS_STANDARD_64_BIT)";
				CLANG_ENABLE_OBJC_ARC = YES;
				CODE_SIGN_IDENTITY = "Mac Developer";
				GCC_C_LANGUAGE_STANDARD = gnu99;
				GCC_DYNAMIC_NO_PIC = NO;
				GCC_ENABLE_OBJC_EXCEPTIONS = YES;
				GCC_OPTIMIZATION_LEVEL = 0;
				GCC_PREPROCESSOR_DEFINITIONS = (
					"DEBUG=1",
					"$(inherited)",
				);
				GCC_SYMBOLS_PRIVATE_EXTERN = NO;
				GCC_VERSION = com.apple.compilers.llvm.clang.1_0;
				GCC_WARN_64_TO_32_BIT_CONVERSION = YES;
				GCC_WARN_ABOUT_RETURN_TYPE = YES;
				GCC_WARN_UNINITIALIZED_AUTOS = YES;
				GCC_WARN_UNUSED_VARIABLE = YES;
				MACOSX_DEPLOYMENT_TARGET = 10.7;
				ONLY_ACTIVE_ARCH = YES;
				PROVISIONING_PROFILE = "";
				SDKROOT = macosx10.7;
			};
			name = Debug;
		};
		11B6EC9915A800EB00A988C6 /* Release */ = {
			isa = XCBuildConfiguration;
			buildSettings = {
				ALWAYS_SEARCH_USER_PATHS = NO;
				ARCHS = "$(ARCHS_STANDARD_64_BIT)";
				CLANG_ENABLE_OBJC_ARC = YES;
				CODE_SIGN_IDENTITY = "Mac Developer";
				DEBUG_INFORMATION_FORMAT = "dwarf-with-dsym";
				GCC_C_LANGUAGE_STANDARD = gnu99;
				GCC_ENABLE_OBJC_EXCEPTIONS = YES;
				GCC_VERSION = com.apple.compilers.llvm.clang.1_0;
				GCC_WARN_64_TO_32_BIT_CONVERSION = YES;
				GCC_WARN_ABOUT_RETURN_TYPE = YES;
				GCC_WARN_UNINITIALIZED_AUTOS = YES;
				GCC_WARN_UNUSED_VARIABLE = YES;
				MACOSX_DEPLOYMENT_TARGET = 10.7;
				PROVISIONING_PROFILE = "";
				SDKROOT = macosx10.7;
			};
			name = Release;
		};
		11B6EC9B15A800EB00A988C6 /* Debug */ = {
			isa = XCBuildConfiguration;
			buildSettings = {
				GCC_PRECOMPILE_PREFIX_HEADER = YES;
				GCC_PREFIX_HEADER = "alfred_reflecticle_extension/alfred_reflecticle_extension-Prefix.pch";
				PRODUCT_NAME = "$(TARGET_NAME)";
			};
			name = Debug;
		};
		11B6EC9C15A800EB00A988C6 /* Release */ = {
			isa = XCBuildConfiguration;
			buildSettings = {
				GCC_PRECOMPILE_PREFIX_HEADER = YES;
				GCC_PREFIX_HEADER = "alfred_reflecticle_extension/alfred_reflecticle_extension-Prefix.pch";
				PRODUCT_NAME = "$(TARGET_NAME)";
			};
			name = Release;
		};
/* End XCBuildConfiguration section */

/* Begin XCConfigurationList section */
		11B6EC8515A800EB00A988C6 /* Build configuration list for PBXProject "alfred_reflecticle_extension" */ = {
			isa = XCConfigurationList;
			buildConfigurations = (
				11B6EC9815A800EB00A988C6 /* Debug */,
				11B6EC9915A800EB00A988C6 /* Release */,
			);
			defaultConfigurationIsVisible = 0;
			defaultConfigurationName = Release;
		};
		11B6EC9A15A800EB00A988C6 /* Build configuration list for PBXNativeTarget "alfred_reflecticle_extension" */ = {
			isa = XCConfigurationList;
			buildConfigurations = (
				11B6EC9B15A800EB00A988C6 /* Debug */,
				11B6EC9C15A800EB00A988C6 /* Release */,
			);
			defaultConfigurationIsVisible = 0;
			defaultConfigurationName = Release;
		};
/* End XCConfigurationList section */
	};
	rootObject = 11B6EC8215A800EB00A988C6 /* Project object */;
}
